
Microsoft Visual Studio Solution File, Format Version 12.00
# Visual Studio Version 17
VisualStudioVersion = 17.5.33627.172
MinimumVisualStudioVersion = 10.0.40219.1
Project("{8BC9CEB8-8B4A-11D0-8D11-00A0C91BC942}") = "GameEngineBase", "GameEngineBase\GameEngineBase.vcxproj", "{43E95582-82FC-46C5-A7CA-7D887CD0432B}"
EndProject
Project("{8BC9CEB8-8B4A-11D0-8D11-00A0C91BC942}") = "GameEnginePlatform", "GameEnginePlatform\GameEnginePlatform.vcxproj", "{8B05443D-9B8D-4F4E-A9BA-F41FCDB5A176}"
	ProjectSection(ProjectDependencies) = postProject
		{43E95582-82FC-46C5-A7CA-7D887CD0432B} = {43E95582-82FC-46C5-A7CA-7D887CD0432B}
	EndProjectSection
EndProject
Project("{8BC9CEB8-8B4A-11D0-8D11-00A0C91BC942}") = "GameEngineCore", "GameEngineCore\GameEngineCore.vcxproj", "{19F6E2D8-837A-403A-A1B9-0CBC0C800A52}"
	ProjectSection(ProjectDependencies) = postProject
		{43E95582-82FC-46C5-A7CA-7D887CD0432B} = {43E95582-82FC-46C5-A7CA-7D887CD0432B}
		{8B05443D-9B8D-4F4E-A9BA-F41FCDB5A176} = {8B05443D-9B8D-4F4E-A9BA-F41FCDB5A176}
	EndProjectSection
EndProject
Project("{8BC9CEB8-8B4A-11D0-8D11-00A0C91BC942}") = "GameEngineContents", "GameEngineContents\GameEngineContents.vcxproj", "{FE4FEB40-FC6E-4897-9976-0F48DF6FEA34}"
	ProjectSection(ProjectDependencies) = postProject
		{19F6E2D8-837A-403A-A1B9-0CBC0C800A52} = {19F6E2D8-837A-403A-A1B9-0CBC0C800A52}
		{43E95582-82FC-46C5-A7CA-7D887CD0432B} = {43E95582-82FC-46C5-A7CA-7D887CD0432B}
		{8B05443D-9B8D-4F4E-A9BA-F41FCDB5A176} = {8B05443D-9B8D-4F4E-A9BA-F41FCDB5A176}
	EndProjectSection
EndProject
Project("{8BC9CEB8-8B4A-11D0-8D11-00A0C91BC942}") = "Mario", "Mario\Mario.vcxproj", "{DD54BB2E-539D-4AD3-91C1-225F8481C63C}"
	ProjectSection(ProjectDependencies) = postProject
		{19F6E2D8-837A-403A-A1B9-0CBC0C800A52} = {19F6E2D8-837A-403A-A1B9-0CBC0C800A52}
		{43E95582-82FC-46C5-A7CA-7D887CD0432B} = {43E95582-82FC-46C5-A7CA-7D887CD0432B}
		{8B05443D-9B8D-4F4E-A9BA-F41FCDB5A176} = {8B05443D-9B8D-4F4E-A9BA-F41FCDB5A176}
		{FE4FEB40-FC6E-4897-9976-0F48DF6FEA34} = {FE4FEB40-FC6E-4897-9976-0F48DF6FEA34}
	EndProjectSection
EndProject
Project("{2150E333-8FDC-42A3-9474-1A3956D46DE8}") = "Level0", "Level0", "{835A8610-7822-4051-A126-0D16144994C6}"
EndProject
Project("{2150E333-8FDC-42A3-9474-1A3956D46DE8}") = "Level1", "Level1", "{D58DFF7B-A313-4BDF-A516-E06230D96B1E}"
EndProject
Project("{2150E333-8FDC-42A3-9474-1A3956D46DE8}") = "Level2", "Level2", "{988A30F0-4CA8-47A8-AC0D-BB4D3B6C50CA}"
EndProject
Project("{2150E333-8FDC-42A3-9474-1A3956D46DE8}") = "Level3", "Level3", "{01B166CA-8F1E-40EE-803E-8DBE3B192FEA}"
EndProject
Project("{2150E333-8FDC-42A3-9474-1A3956D46DE8}") = "Level4", "Level4", "{D722BAD9-3AAE-4E62-98A2-21A11FDBAFD5}"
EndProject
Project("{2150E333-8FDC-42A3-9474-1A3956D46DE8}") = "DOC", "DOC", "{674A876D-100F-4015-A95C-F0C9976C6D4A}"
	ProjectSection(SolutionItems) = preProject
		프로젝트 구성.txt = 프로젝트 구성.txt
	EndProjectSection
EndProject
Global
	GlobalSection(SolutionConfigurationPlatforms) = preSolution
		Debug|x64 = Debug|x64
		Debug|x86 = Debug|x86
		Release|x64 = Release|x64
		Release|x86 = Release|x86
	EndGlobalSection
	GlobalSection(ProjectConfigurationPlatforms) = postSolution
		{43E95582-82FC-46C5-A7CA-7D887CD0432B}.Debug|x64.ActiveCfg = Debug|x64
		{43E95582-82FC-46C5-A7CA-7D887CD0432B}.Debug|x64.Build.0 = Debug|x64
		{43E95582-82FC-46C5-A7CA-7D887CD0432B}.Debug|x86.ActiveCfg = Debug|Win32
		{43E95582-82FC-46C5-A7CA-7D887CD0432B}.Debug|x86.Build.0 = Debug|Win32
		{43E95582-82FC-46C5-A7CA-7D887CD0432B}.Release|x64.ActiveCfg = Release|x64
		{43E95582-82FC-46C5-A7CA-7D887CD0432B}.Release|x64.Build.0 = Release|x64
		{43E95582-82FC-46C5-A7CA-7D887CD0432B}.Release|x86.ActiveCfg = Release|Win32
		{43E95582-82FC-46C5-A7CA-7D887CD0432B}.Release|x86.Build.0 = Release|Win32
		{8B05443D-9B8D-4F4E-A9BA-F41FCDB5A176}.Debug|x64.ActiveCfg = Debug|x64
		{8B05443D-9B8D-4F4E-A9BA-F41FCDB5A176}.Debug|x64.Build.0 = Debug|x64
		{8B05443D-9B8D-4F4E-A9BA-F41FCDB5A176}.Debug|x86.ActiveCfg = Debug|Win32
		{8B05443D-9B8D-4F4E-A9BA-F41FCDB5A176}.Debug|x86.Build.0 = Debug|Win32
		{8B05443D-9B8D-4F4E-A9BA-F41FCDB5A176}.Release|x64.ActiveCfg = Release|x64
		{8B05443D-9B8D-4F4E-A9BA-F41FCDB5A176}.Release|x64.Build.0 = Release|x64
		{8B05443D-9B8D-4F4E-A9BA-F41FCDB5A176}.Release|x86.ActiveCfg = Release|Win32
		{8B05443D-9B8D-4F4E-A9BA-F41FCDB5A176}.Release|x86.Build.0 = Release|Win32
		{19F6E2D8-837A-403A-A1B9-0CBC0C800A52}.Debug|x64.ActiveCfg = Debug|x64
		{19F6E2D8-837A-403A-A1B9-0CBC0C800A52}.Debug|x64.Build.0 = Debug|x64
		{19F6E2D8-837A-403A-A1B9-0CBC0C800A52}.Debug|x86.ActiveCfg = Debug|Win32
		{19F6E2D8-837A-403A-A1B9-0CBC0C800A52}.Debug|x86.Build.0 = Debug|Win32
		{19F6E2D8-837A-403A-A1B9-0CBC0C800A52}.Release|x64.ActiveCfg = Release|x64
		{19F6E2D8-837A-403A-A1B9-0CBC0C800A52}.Release|x64.Build.0 = Release|x64
		{19F6E2D8-837A-403A-A1B9-0CBC0C800A52}.Release|x86.ActiveCfg = Release|Win32
		{19F6E2D8-837A-403A-A1B9-0CBC0C800A52}.Release|x86.Build.0 = Release|Win32
		{FE4FEB40-FC6E-4897-9976-0F48DF6FEA34}.Debug|x64.ActiveCfg = Debug|x64
		{FE4FEB40-FC6E-4897-9976-0F48DF6FEA34}.Debug|x64.Build.0 = Debug|x64
		{FE4FEB40-FC6E-4897-9976-0F48DF6FEA34}.Debug|x86.ActiveCfg = Debug|Win32
		{FE4FEB40-FC6E-4897-9976-0F48DF6FEA34}.Debug|x86.Build.0 = Debug|Win32
		{FE4FEB40-FC6E-4897-9976-0F48DF6FEA34}.Release|x64.ActiveCfg = Release|x64
		{FE4FEB40-FC6E-4897-9976-0F48DF6FEA34}.Release|x64.Build.0 = Release|x64
		{FE4FEB40-FC6E-4897-9976-0F48DF6FEA34}.Release|x86.ActiveCfg = Release|Win32
		{FE4FEB40-FC6E-4897-9976-0F48DF6FEA34}.Release|x86.Build.0 = Release|Win32
		{DD54BB2E-539D-4AD3-91C1-225F8481C63C}.Debug|x64.ActiveCfg = Debug|x64
		{DD54BB2E-539D-4AD3-91C1-225F8481C63C}.Debug|x64.Build.0 = Debug|x64
		{DD54BB2E-539D-4AD3-91C1-225F8481C63C}.Debug|x86.ActiveCfg = Debug|Win32
		{DD54BB2E-539D-4AD3-91C1-225F8481C63C}.Debug|x86.Build.0 = Debug|Win32
		{DD54BB2E-539D-4AD3-91C1-225F8481C63C}.Release|x64.ActiveCfg = Release|x64
		{DD54BB2E-539D-4AD3-91C1-225F8481C63C}.Release|x64.Build.0 = Release|x64
		{DD54BB2E-539D-4AD3-91C1-225F8481C63C}.Release|x86.ActiveCfg = Release|Win32
		{DD54BB2E-539D-4AD3-91C1-225F8481C63C}.Release|x86.Build.0 = Release|Win32
	EndGlobalSection
	GlobalSection(SolutionProperties) = preSolution
		HideSolutionNode = FALSE
	EndGlobalSection
	GlobalSection(NestedProjects) = preSolution
		{43E95582-82FC-46C5-A7CA-7D887CD0432B} = {835A8610-7822-4051-A126-0D16144994C6}
		{8B05443D-9B8D-4F4E-A9BA-F41FCDB5A176} = {D58DFF7B-A313-4BDF-A516-E06230D96B1E}
		{19F6E2D8-837A-403A-A1B9-0CBC0C800A52} = {988A30F0-4CA8-47A8-AC0D-BB4D3B6C50CA}
		{FE4FEB40-FC6E-4897-9976-0F48DF6FEA34} = {01B166CA-8F1E-40EE-803E-8DBE3B192FEA}
		{DD54BB2E-539D-4AD3-91C1-225F8481C63C} = {D722BAD9-3AAE-4E62-98A2-21A11FDBAFD5}
	EndGlobalSection
	GlobalSection(ExtensibilityGlobals) = postSolution
		SolutionGuid = {83C6D14A-5B1C-4BE3-A246-CBD0051BBFA7}
	EndGlobalSection
EndGlobal
